// !$*UTF8*$!
{
	archiveVersion = 1;
	classes = {
	};
	objectVersion = 56;
	objects = {

/* Begin PBXBuildFile section */
		813CBD2D2B49707200F2EF5F /* AppDelegate.swift in Sources */ = {isa = PBXBuildFile; fileRef = 813CBD2C2B49707200F2EF5F /* AppDelegate.swift */; };
		813CBD2F2B49707200F2EF5F /* SceneDelegate.swift in Sources */ = {isa = PBXBuildFile; fileRef = 813CBD2E2B49707200F2EF5F /* SceneDelegate.swift */; };
		813CBD312B49707200F2EF5F /* ViewController.swift in Sources */ = {isa = PBXBuildFile; fileRef = 813CBD302B49707200F2EF5F /* ViewController.swift */; };
		813CBD342B49707200F2EF5F /* Main.storyboard in Resources */ = {isa = PBXBuildFile; fileRef = 813CBD322B49707200F2EF5F /* Main.storyboard */; };
		813CBD362B49707500F2EF5F /* Assets.xcassets in Resources */ = {isa = PBXBuildFile; fileRef = 813CBD352B49707500F2EF5F /* Assets.xcassets */; };
		813CBD392B49707500F2EF5F /* LaunchScreen.storyboard in Resources */ = {isa = PBXBuildFile; fileRef = 813CBD372B49707500F2EF5F /* LaunchScreen.storyboard */; };
		813CBD442B49707500F2EF5F /* EventyTests.swift in Sources */ = {isa = PBXBuildFile; fileRef = 813CBD432B49707500F2EF5F /* EventyTests.swift */; };
		813CBD4E2B49707500F2EF5F /* EventyUITests.swift in Sources */ = {isa = PBXBuildFile; fileRef = 813CBD4D2B49707500F2EF5F /* EventyUITests.swift */; };
		813CBD502B49707500F2EF5F /* EventyUITestsLaunchTests.swift in Sources */ = {isa = PBXBuildFile; fileRef = 813CBD4F2B49707500F2EF5F /* EventyUITestsLaunchTests.swift */; };
/* End PBXBuildFile section */

/* Begin PBXContainerItemProxy section */
		813CBD402B49707500F2EF5F /* PBXContainerItemProxy */ = {
			isa = PBXContainerItemProxy;
			containerPortal = 813CBD212B49707200F2EF5F /* Project object */;
			proxyType = 1;
			remoteGlobalIDString = 813CBD282B49707200F2EF5F;
			remoteInfo = Eventy;
		};
		813CBD4A2B49707500F2EF5F /* PBXContainerItemProxy */ = {
			isa = PBXContainerItemProxy;
			containerPortal = 813CBD212B49707200F2EF5F /* Project object */;
			proxyType = 1;
			remoteGlobalIDString = 813CBD282B49707200F2EF5F;
			remoteInfo = Eventy;
		};
/* End PBXContainerItemProxy section */

/* Begin PBXFileReference section */
		813CBD292B49707200F2EF5F /* Eventy.app */ = {isa = PBXFileReference; explicitFileType = wrapper.application; includeInIndex = 0; path = Eventy.app; sourceTree = BUILT_PRODUCTS_DIR; };
		813CBD2C2B49707200F2EF5F /* AppDelegate.swift */ = {isa = PBXFileReference; lastKnownFileType = sourcecode.swift; path = AppDelegate.swift; sourceTree = "<group>"; };
		813CBD2E2B49707200F2EF5F /* SceneDelegate.swift */ = {isa = PBXFileReference; lastKnownFileType = sourcecode.swift; path = SceneDelegate.swift; sourceTree = "<group>"; };
		813CBD302B49707200F2EF5F /* ViewController.swift */ = {isa = PBXFileReference; lastKnownFileType = sourcecode.swift; path = ViewController.swift; sourceTree = "<group>"; };
		813CBD332B49707200F2EF5F /* Base */ = {isa = PBXFileReference; lastKnownFileType = file.storyboard; name = Base; path = Base.lproj/Main.storyboard; sourceTree = "<group>"; };
		813CBD352B49707500F2EF5F /* Assets.xcassets */ = {isa = PBXFileReference; lastKnownFileType = folder.assetcatalog; path = Assets.xcassets; sourceTree = "<group>"; };
		813CBD382B49707500F2EF5F /* Base */ = {isa = PBXFileReference; lastKnownFileType = file.storyboard; name = Base; path = Base.lproj/LaunchScreen.storyboard; sourceTree = "<group>"; };
		813CBD3A2B49707500F2EF5F /* Info.plist */ = {isa = PBXFileReference; lastKnownFileType = text.plist.xml; path = Info.plist; sourceTree = "<group>"; };
		813CBD3F2B49707500F2EF5F /* EventyTests.xctest */ = {isa = PBXFileReference; explicitFileType = wrapper.cfbundle; includeInIndex = 0; path = EventyTests.xctest; sourceTree = BUILT_PRODUCTS_DIR; };
		813CBD432B49707500F2EF5F /* EventyTests.swift */ = {isa = PBXFileReference; lastKnownFileType = sourcecode.swift; path = EventyTests.swift; sourceTree = "<group>"; };
		813CBD492B49707500F2EF5F /* EventyUITests.xctest */ = {isa = PBXFileReference; explicitFileType = wrapper.cfbundle; includeInIndex = 0; path = EventyUITests.xctest; sourceTree = BUILT_PRODUCTS_DIR; };
		813CBD4D2B49707500F2EF5F /* EventyUITests.swift */ = {isa = PBXFileReference; lastKnownFileType = sourcecode.swift; path = EventyUITests.swift; sourceTree = "<group>"; };
		813CBD4F2B49707500F2EF5F /* EventyUITestsLaunchTests.swift */ = {isa = PBXFileReference; lastKnownFileType = sourcecode.swift; path = EventyUITestsLaunchTests.swift; sourceTree = "<group>"; };
/* End PBXFileReference section */

/* Begin PBXFrameworksBuildPhase section */
		813CBD262B49707200F2EF5F /* Frameworks */ = {
			isa = PBXFrameworksBuildPhase;
			buildActionMask = 2147483647;
			files = (
			);
			runOnlyForDeploymentPostprocessing = 0;
		};
		813CBD3C2B49707500F2EF5F /* Frameworks */ = {
			isa = PBXFrameworksBuildPhase;
			buildActionMask = 2147483647;
			files = (
			);
			runOnlyForDeploymentPostprocessing = 0;
		};
		813CBD462B49707500F2EF5F /* Frameworks */ = {
			isa = PBXFrameworksBuildPhase;
			buildActionMask = 2147483647;
			files = (
			);
			runOnlyForDeploymentPostprocessing = 0;
		};
/* End PBXFrameworksBuildPhase section */

/* Begin PBXGroup section */
		813CBD202B49707200F2EF5F = {
			isa = PBXGroup;
			children = (
				813CBD2B2B49707200F2EF5F /* Eventy */,
				813CBD422B49707500F2EF5F /* EventyTests */,
				813CBD4C2B49707500F2EF5F /* EventyUITests */,
				813CBD2A2B49707200F2EF5F /* Products */,
			);
			sourceTree = "<group>";
		};
		813CBD2A2B49707200F2EF5F /* Products */ = {
			isa = PBXGroup;
			children = (
				813CBD292B49707200F2EF5F /* Eventy.app */,
				813CBD3F2B49707500F2EF5F /* EventyTests.xctest */,
				813CBD492B49707500F2EF5F /* EventyUITests.xctest */,
			);
			name = Products;
			sourceTree = "<group>";
		};
		813CBD2B2B49707200F2EF5F /* Eventy */ = {
			isa = PBXGroup;
			children = (
				813CBD2C2B49707200F2EF5F /* AppDelegate.swift */,
				813CBD2E2B49707200F2EF5F /* SceneDelegate.swift */,
				813CBD302B49707200F2EF5F /* ViewController.swift */,
				813CBD322B49707200F2EF5F /* Main.storyboard */,
				813CBD352B49707500F2EF5F /* Assets.xcassets */,
				813CBD372B49707500F2EF5F /* LaunchScreen.storyboard */,
				813CBD3A2B49707500F2EF5F /* Info.plist */,
			);
			path = Eventy;
			sourceTree = "<group>";
		};
		813CBD422B49707500F2EF5F /* EventyTests */ = {
			isa = PBXGroup;
			children = (
				813CBD432B49707500F2EF5F /* EventyTests.swift */,
			);
			path = EventyTests;
			sourceTree = "<group>";
		};
		813CBD4C2B49707500F2EF5F /* EventyUITests */ = {
			isa = PBXGroup;
			children = (
				813CBD4D2B49707500F2EF5F /* EventyUITests.swift */,
				813CBD4F2B49707500F2EF5F /* EventyUITestsLaunchTests.swift */,
			);
			path = EventyUITests;
			sourceTree = "<group>";
		};
/* End PBXGroup section */

/* Begin PBXNativeTarget section */
		813CBD282B49707200F2EF5F /* Eventy */ = {
			isa = PBXNativeTarget;
			buildConfigurationList = 813CBD532B49707500F2EF5F /* Build configuration list for PBXNativeTarget "Eventy" */;
			buildPhases = (
				813CBD252B49707200F2EF5F /* Sources */,
				813CBD262B49707200F2EF5F /* Frameworks */,
				813CBD272B49707200F2EF5F /* Resources */,
			);
			buildRules = (
			);
			dependencies = (
			);
			name = Eventy;
			productName = Eventy;
			productReference = 813CBD292B49707200F2EF5F /* Eventy.app */;
			productType = "com.apple.product-type.application";
		};
		813CBD3E2B49707500F2EF5F /* EventyTests */ = {
			isa = PBXNativeTarget;
			buildConfigurationList = 813CBD562B49707500F2EF5F /* Build configuration list for PBXNativeTarget "EventyTests" */;
			buildPhases = (
				813CBD3B2B49707500F2EF5F /* Sources */,
				813CBD3C2B49707500F2EF5F /* Frameworks */,
				813CBD3D2B49707500F2EF5F /* Resources */,
			);
			buildRules = (
			);
			dependencies = (
				813CBD412B49707500F2EF5F /* PBXTargetDependency */,
			);
			name = EventyTests;
			productName = EventyTests;
			productReference = 813CBD3F2B49707500F2EF5F /* EventyTests.xctest */;
			productType = "com.apple.product-type.bundle.unit-test";
		};
		813CBD482B49707500F2EF5F /* EventyUITests */ = {
			isa = PBXNativeTarget;
			buildConfigurationList = 813CBD592B49707500F2EF5F /* Build configuration list for PBXNativeTarget "EventyUITests" */;
			buildPhases = (
				813CBD452B49707500F2EF5F /* Sources */,
				813CBD462B49707500F2EF5F /* Frameworks */,
				813CBD472B49707500F2EF5F /* Resources */,
			);
			buildRules = (
			);
			dependencies = (
				813CBD4B2B49707500F2EF5F /* PBXTargetDependency */,
			);
			name = EventyUITests;
			productName = EventyUITests;
			productReference = 813CBD492B49707500F2EF5F /* EventyUITests.xctest */;
			productType = "com.apple.product-type.bundle.ui-testing";
		};
/* End PBXNativeTarget section */

/* Begin PBXProject section */
		813CBD212B49707200F2EF5F /* Project object */ = {
			isa = PBXProject;
			attributes = {
				BuildIndependentTargetsInParallel = 1;
				LastSwiftUpdateCheck = 1500;
				LastUpgradeCheck = 1500;
				TargetAttributes = {
					813CBD282B49707200F2EF5F = {
						CreatedOnToolsVersion = 15.0.1;
					};
					813CBD3E2B49707500F2EF5F = {
						CreatedOnToolsVersion = 15.0.1;
						TestTargetID = 813CBD282B49707200F2EF5F;
					};
					813CBD482B49707500F2EF5F = {
						CreatedOnToolsVersion = 15.0.1;
						TestTargetID = 813CBD282B49707200F2EF5F;
					};
				};
			};
			buildConfigurationList = 813CBD242B49707200F2EF5F /* Build configuration list for PBXProject "Eventy" */;
			compatibilityVersion = "Xcode 14.0";
			developmentRegion = en;
			hasScannedForEncodings = 0;
			knownRegions = (
				en,
				Base,
			);
			mainGroup = 813CBD202B49707200F2EF5F;
			productRefGroup = 813CBD2A2B49707200F2EF5F /* Products */;
			projectDirPath = "";
			projectRoot = "";
			targets = (
				813CBD282B49707200F2EF5F /* Eventy */,
				813CBD3E2B49707500F2EF5F /* EventyTests */,
				813CBD482B49707500F2EF5F /* EventyUITests */,
			);
		};
/* End PBXProject section */

/* Begin PBXResourcesBuildPhase section */
		813CBD272B49707200F2EF5F /* Resources */ = {
			isa = PBXResourcesBuildPhase;
			buildActionMask = 2147483647;
			files = (
				813CBD392B49707500F2EF5F /* LaunchScreen.storyboard in Resources */,
				813CBD362B49707500F2EF5F /* Assets.xcassets in Resources */,
				813CBD342B49707200F2EF5F /* Main.storyboard in Resources */,
			);
			runOnlyForDeploymentPostprocessing = 0;
		};
		813CBD3D2B49707500F2EF5F /* Resources */ = {
			isa = PBXResourcesBuildPhase;
			buildActionMask = 2147483647;
			files = (
			);
			runOnlyForDeploymentPostprocessing = 0;
		};
		813CBD472B49707500F2EF5F /* Resources */ = {
			isa = PBXResourcesBuildPhase;
			buildActionMask = 2147483647;
			files = (
			);
			runOnlyForDeploymentPostprocessing = 0;
		};
/* End PBXResourcesBuildPhase section */

/* Begin PBXSourcesBuildPhase section */
		813CBD252B49707200F2EF5F /* Sources */ = {
			isa = PBXSourcesBuildPhase;
			buildActionMask = 2147483647;
			files = (
				813CBD312B49707200F2EF5F /* ViewController.swift in Sources */,
				813CBD2D2B49707200F2EF5F /* AppDelegate.swift in Sources */,
				813CBD2F2B49707200F2EF5F /* SceneDelegate.swift in Sources */,
			);
			runOnlyForDeploymentPostprocessing = 0;
		};
		813CBD3B2B49707500F2EF5F /* Sources */ = {
			isa = PBXSourcesBuildPhase;
			buildActionMask = 2147483647;
			files = (
				813CBD442B49707500F2EF5F /* EventyTests.swift in Sources */,
			);
			runOnlyForDeploymentPostprocessing = 0;
		};
		813CBD452B49707500F2EF5F /* Sources */ = {
			isa = PBXSourcesBuildPhase;
			buildActionMask = 2147483647;
			files = (
				813CBD4E2B49707500F2EF5F /* EventyUITests.swift in Sources */,
				813CBD502B49707500F2EF5F /* EventyUITestsLaunchTests.swift in Sources */,
			);
			runOnlyForDeploymentPostprocessing = 0;
		};
/* End PBXSourcesBuildPhase section */

/* Begin PBXTargetDependency section */
		813CBD412B49707500F2EF5F /* PBXTargetDependency */ = {
			isa = PBXTargetDependency;
			target = 813CBD282B49707200F2EF5F /* Eventy */;
			targetProxy = 813CBD402B49707500F2EF5F /* PBXContainerItemProxy */;
		};
		813CBD4B2B49707500F2EF5F /* PBXTargetDependency */ = {
			isa = PBXTargetDependency;
			target = 813CBD282B49707200F2EF5F /* Eventy */;
			targetProxy = 813CBD4A2B49707500F2EF5F /* PBXContainerItemProxy */;
		};
/* End PBXTargetDependency section */

/* Begin PBXVariantGroup section */
		813CBD322B49707200F2EF5F /* Main.storyboard */ = {
			isa = PBXVariantGroup;
			children = (
				813CBD332B49707200F2EF5F /* Base */,
			);
			name = Main.storyboard;
			sourceTree = "<group>";
		};
		813CBD372B49707500F2EF5F /* LaunchScreen.storyboard */ = {
			isa = PBXVariantGroup;
			children = (
				813CBD382B49707500F2EF5F /* Base */,
			);
			name = LaunchScreen.storyboard;
			sourceTree = "<group>";
		};
/* End PBXVariantGroup section */

/* Begin XCBuildConfiguration section */
		813CBD512B49707500F2EF5F /* Debug */ = {
			isa = XCBuildConfiguration;
			buildSettings = {
				ALWAYS_SEARCH_USER_PATHS = NO;
				ASSETCATALOG_COMPILER_GENERATE_SWIFT_ASSET_SYMBOL_EXTENSIONS = YES;
				CLANG_ANALYZER_NONNULL = YES;
				CLANG_ANALYZER_NUMBER_OBJECT_CONVERSION = YES_AGGRESSIVE;
				CLANG_CXX_LANGUAGE_STANDARD = "gnu++20";
				CLANG_ENABLE_MODULES = YES;
				CLANG_ENABLE_OBJC_ARC = YES;
				CLANG_ENABLE_OBJC_WEAK = YES;
				CLANG_WARN_BLOCK_CAPTURE_AUTORELEASING = YES;
				CLANG_WARN_BOOL_CONVERSION = YES;
				CLANG_WARN_COMMA = YES;
				CLANG_WARN_CONSTANT_CONVERSION = YES;
				CLANG_WARN_DEPRECATED_OBJC_IMPLEMENTATIONS = YES;
				CLANG_WARN_DIRECT_OBJC_ISA_USAGE = YES_ERROR;
				CLANG_WARN_DOCUMENTATION_COMMENTS = YES;
				CLANG_WARN_EMPTY_BODY = YES;
				CLANG_WARN_ENUM_CONVERSION = YES;
				CLANG_WARN_INFINITE_RECURSION = YES;
				CLANG_WARN_INT_CONVERSION = YES;
				CLANG_WARN_NON_LITERAL_NULL_CONVERSION = YES;
				CLANG_WARN_OBJC_IMPLICIT_RETAIN_SELF = YES;
				CLANG_WARN_OBJC_LITERAL_CONVERSION = YES;
				CLANG_WARN_OBJC_ROOT_CLASS = YES_ERROR;
				CLANG_WARN_QUOTED_INCLUDE_IN_FRAMEWORK_HEADER = YES;
				CLANG_WARN_RANGE_LOOP_ANALYSIS = YES;
				CLANG_WARN_STRICT_PROTOTYPES = YES;
				CLANG_WARN_SUSPICIOUS_MOVE = YES;
				CLANG_WARN_UNGUARDED_AVAILABILITY = YES_AGGRESSIVE;
				CLANG_WARN_UNREACHABLE_CODE = YES;
				CLANG_WARN__DUPLICATE_METHOD_MATCH = YES;
				COPY_PHASE_STRIP = NO;
				DEBUG_INFORMATION_FORMAT = dwarf;
				ENABLE_STRICT_OBJC_MSGSEND = YES;
				ENABLE_TESTABILITY = YES;
				ENABLE_USER_SCRIPT_SANDBOXING = YES;
				GCC_C_LANGUAGE_STANDARD = gnu17;
				GCC_DYNAMIC_NO_PIC = NO;
				GCC_NO_COMMON_BLOCKS = YES;
				GCC_OPTIMIZATION_LEVEL = 0;
				GCC_PREPROCESSOR_DEFINITIONS = (
					"DEBUG=1",
					"$(inherited)",
				);
				GCC_WARN_64_TO_32_BIT_CONVERSION = YES;
				GCC_WARN_ABOUT_RETURN_TYPE = YES_ERROR;
				GCC_WARN_UNDECLARED_SELECTOR = YES;
				GCC_WARN_UNINITIALIZED_AUTOS = YES_AGGRESSIVE;
				GCC_WARN_UNUSED_FUNCTION = YES;
				GCC_WARN_UNUSED_VARIABLE = YES;
				IPHONEOS_DEPLOYMENT_TARGET = 17.0;
				LOCALIZATION_PREFERS_STRING_CATALOGS = YES;
				MTL_ENABLE_DEBUG_INFO = INCLUDE_SOURCE;
				MTL_FAST_MATH = YES;
				ONLY_ACTIVE_ARCH = YES;
				SDKROOT = iphoneos;
				SWIFT_ACTIVE_COMPILATION_CONDITIONS = "DEBUG $(inherited)";
				SWIFT_OPTIMIZATION_LEVEL = "-Onone";
			};
			name = Debug;
		};
		813CBD522B49707500F2EF5F /* Release */ = {
			isa = XCBuildConfiguration;
			buildSettings = {
				ALWAYS_SEARCH_USER_PATHS = NO;
				ASSETCATALOG_COMPILER_GENERATE_SWIFT_ASSET_SYMBOL_EXTENSIONS = YES;
				CLANG_ANALYZER_NONNULL = YES;
				CLANG_ANALYZER_NUMBER_OBJECT_CONVERSION = YES_AGGRESSIVE;
				CLANG_CXX_LANGUAGE_STANDARD = "gnu++20";
				CLANG_ENABLE_MODULES = YES;
				CLANG_ENABLE_OBJC_ARC = YES;
				CLANG_ENABLE_OBJC_WEAK = YES;
				CLANG_WARN_BLOCK_CAPTURE_AUTORELEASING = YES;
				CLANG_WARN_BOOL_CONVERSION = YES;
				CLANG_WARN_COMMA = YES;
				CLANG_WARN_CONSTANT_CONVERSION = YES;
				CLANG_WARN_DEPRECATED_OBJC_IMPLEMENTATIONS = YES;
				CLANG_WARN_DIRECT_OBJC_ISA_USAGE = YES_ERROR;
				CLANG_WARN_DOCUMENTATION_COMMENTS = YES;
				CLANG_WARN_EMPTY_BODY = YES;
				CLANG_WARN_ENUM_CONVERSION = YES;
				CLANG_WARN_INFINITE_RECURSION = YES;
				CLANG_WARN_INT_CONVERSION = YES;
				CLANG_WARN_NON_LITERAL_NULL_CONVERSION = YES;
				CLANG_WARN_OBJC_IMPLICIT_RETAIN_SELF = YES;
				CLANG_WARN_OBJC_LITERAL_CONVERSION = YES;
				CLANG_WARN_OBJC_ROOT_CLASS = YES_ERROR;
				CLANG_WARN_QUOTED_INCLUDE_IN_FRAMEWORK_HEADER = YES;
				CLANG_WARN_RANGE_LOOP_ANALYSIS = YES;
				CLANG_WARN_STRICT_PROTOTYPES = YES;
				CLANG_WARN_SUSPICIOUS_MOVE = YES;
				CLANG_WARN_UNGUARDED_AVAILABILITY = YES_AGGRESSIVE;
				CLANG_WARN_UNREACHABLE_CODE = YES;
				CLANG_WARN__DUPLICATE_METHOD_MATCH = YES;
				COPY_PHASE_STRIP = NO;
				DEBUG_INFORMATION_FORMAT = "dwarf-with-dsym";
				ENABLE_NS_ASSERTIONS = NO;
				ENABLE_STRICT_OBJC_MSGSEND = YES;
				ENABLE_USER_SCRIPT_SANDBOXING = YES;
				GCC_C_LANGUAGE_STANDARD = gnu17;
				GCC_NO_COMMON_BLOCKS = YES;
				GCC_WARN_64_TO_32_BIT_CONVERSION = YES;
				GCC_WARN_ABOUT_RETURN_TYPE = YES_ERROR;
				GCC_WARN_UNDECLARED_SELECTOR = YES;
				GCC_WARN_UNINITIALIZED_AUTOS = YES_AGGRESSIVE;
				GCC_WARN_UNUSED_FUNCTION = YES;
				GCC_WARN_UNUSED_VARIABLE = YES;
				IPHONEOS_DEPLOYMENT_TARGET = 17.0;
				LOCALIZATION_PREFERS_STRING_CATALOGS = YES;
				MTL_ENABLE_DEBUG_INFO = NO;
				MTL_FAST_MATH = YES;
				SDKROOT = iphoneos;
				SWIFT_COMPILATION_MODE = wholemodule;
				VALIDATE_PRODUCT = YES;
			};
			name = Release;
		};
		813CBD542B49707500F2EF5F /* Debug */ = {
			isa = XCBuildConfiguration;
			buildSettings = {
				ASSETCATALOG_COMPILER_APPICON_NAME = AppIcon;
				ASSETCATALOG_COMPILER_GLOBAL_ACCENT_COLOR_NAME = AccentColor;
				CODE_SIGN_STYLE = Automatic;
				CURRENT_PROJECT_VERSION = 1;
				DEVELOPMENT_TEAM = 564UB3LSA2;
				GENERATE_INFOPLIST_FILE = YES;
				INFOPLIST_FILE = Eventy/Info.plist;
				INFOPLIST_KEY_UIApplicationSupportsIndirectInputEvents = YES;
				INFOPLIST_KEY_UILaunchStoryboardName = LaunchScreen;
				INFOPLIST_KEY_UIMainStoryboardFile = Main;
				INFOPLIST_KEY_UISupportedInterfaceOrientations_iPad = "UIInterfaceOrientationPortrait UIInterfaceOrientationPortraitUpsideDown UIInterfaceOrientationLandscapeLeft UIInterfaceOrientationLandscapeRight";
				INFOPLIST_KEY_UISupportedInterfaceOrientations_iPhone = "UIInterfaceOrientationPortrait UIInterfaceOrientationLandscapeLeft UIInterfaceOrientationLandscapeRight";
				LD_RUNPATH_SEARCH_PATHS = (
					"$(inherited)",
					"@executable_path/Frameworks",
				);
				MARKETING_VERSION = 1.0;
				PRODUCT_BUNDLE_IDENTIFIER = test.com.Eventy;
				PRODUCT_NAME = "$(TARGET_NAME)";
				SWIFT_EMIT_LOC_STRINGS = YES;
				SWIFT_VERSION = 5.0;
				TARGETED_DEVICE_FAMILY = "1,2";
			};
			name = Debug;
		};
		813CBD552B49707500F2EF5F /* Release */ = {
			isa = XCBuildConfiguration;
			buildSettings = {
				ASSETCATALOG_COMPILER_APPICON_NAME = AppIcon;
				ASSETCATALOG_COMPILER_GLOBAL_ACCENT_COLOR_NAME = AccentColor;
				CODE_SIGN_STYLE = Automatic;
				CURRENT_PROJECT_VERSION = 1;
				DEVELOPMENT_TEAM = 564UB3LSA2;
				GENERATE_INFOPLIST_FILE = YES;
				INFOPLIST_FILE = Eventy/Info.plist;
				INFOPLIST_KEY_UIApplicationSupportsIndirectInputEvents = YES;
				INFOPLIST_KEY_UILaunchStoryboardName = LaunchScreen;
				INFOPLIST_KEY_UIMainStoryboardFile = Main;
				INFOPLIST_KEY_UISupportedInterfaceOrientations_iPad = "UIInterfaceOrientationPortrait UIInterfaceOrientationPortraitUpsideDown UIInterfaceOrientationLandscapeLeft UIInterfaceOrientationLandscapeRight";
				INFOPLIST_KEY_UISupportedInterfaceOrientations_iPhone = "UIInterfaceOrientationPortrait UIInterfaceOrientationLandscapeLeft UIInterfaceOrientationLandscapeRight";
				LD_RUNPATH_SEARCH_PATHS = (
					"$(inherited)",
					"@executable_path/Frameworks",
				);
				MARKETING_VERSION = 1.0;
				PRODUCT_BUNDLE_IDENTIFIER = test.com.Eventy;
				PRODUCT_NAME = "$(TARGET_NAME)";
				SWIFT_EMIT_LOC_STRINGS = YES;
				SWIFT_VERSION = 5.0;
				TARGETED_DEVICE_FAMILY = "1,2";
			};
			name = Release;
		};
		813CBD572B49707500F2EF5F /* Debug */ = {
			isa = XCBuildConfiguration;
			buildSettings = {
				ALWAYS_EMBED_SWIFT_STANDARD_LIBRARIES = YES;
				BUNDLE_LOADER = "$(TEST_HOST)";
				CODE_SIGN_STYLE = Automatic;
				CURRENT_PROJECT_VERSION = 1;
				DEVELOPMENT_TEAM = 564UB3LSA2;
				GENERATE_INFOPLIST_FILE = YES;
				IPHONEOS_DEPLOYMENT_TARGET = 17.0;
				MARKETING_VERSION = 1.0;
				PRODUCT_BUNDLE_IDENTIFIER = test.com.EventyTests;
				PRODUCT_NAME = "$(TARGET_NAME)";
				SWIFT_EMIT_LOC_STRINGS = NO;
				SWIFT_VERSION = 5.0;
				TARGETED_DEVICE_FAMILY = "1,2";
				TEST_HOST = "$(BUILT_PRODUCTS_DIR)/Eventy.app/$(BUNDLE_EXECUTABLE_FOLDER_PATH)/Eventy";
			};
			name = Debug;
		};
		813CBD582B49707500F2EF5F /* Release */ = {
			isa = XCBuildConfiguration;
			buildSettings = {
				ALWAYS_EMBED_SWIFT_STANDARD_LIBRARIES = YES;
				BUNDLE_LOADER = "$(TEST_HOST)";
				CODE_SIGN_STYLE = Automatic;
				CURRENT_PROJECT_VERSION = 1;
				DEVELOPMENT_TEAM = 564UB3LSA2;
				GENERATE_INFOPLIST_FILE = YES;
				IPHONEOS_DEPLOYMENT_TARGET = 17.0;
				MARKETING_VERSION = 1.0;
				PRODUCT_BUNDLE_IDENTIFIER = test.com.EventyTests;
				PRODUCT_NAME = "$(TARGET_NAME)";
				SWIFT_EMIT_LOC_STRINGS = NO;
				SWIFT_VERSION = 5.0;
				TARGETED_DEVICE_FAMILY = "1,2";
				TEST_HOST = "$(BUILT_PRODUCTS_DIR)/Eventy.app/$(BUNDLE_EXECUTABLE_FOLDER_PATH)/Eventy";
			};
			name = Release;
		};
		813CBD5A2B49707500F2EF5F /* Debug */ = {
			isa = XCBuildConfiguration;
			buildSettings = {
				ALWAYS_EMBED_SWIFT_STANDARD_LIBRARIES = YES;
				CODE_SIGN_STYLE = Automatic;
				CURRENT_PROJECT_VERSION = 1;
				DEVELOPMENT_TEAM = 564UB3LSA2;
				GENERATE_INFOPLIST_FILE = YES;
				MARKETING_VERSION = 1.0;
				PRODUCT_BUNDLE_IDENTIFIER = test.com.EventyUITests;
				PRODUCT_NAME = "$(TARGET_NAME)";
				SWIFT_EMIT_LOC_STRINGS = NO;
				SWIFT_VERSION = 5.0;
				TARGETED_DEVICE_FAMILY = "1,2";
				TEST_TARGET_NAME = Eventy;
			};
			name = Debug;
		};
		813CBD5B2B49707500F2EF5F /* Release */ = {
			isa = XCBuildConfiguration;
			buildSettings = {
				ALWAYS_EMBED_SWIFT_STANDARD_LIBRARIES = YES;
				CODE_SIGN_STYLE = Automatic;
				CURRENT_PROJECT_VERSION = 1;
				DEVELOPMENT_TEAM = 564UB3LSA2;
				GENERATE_INFOPLIST_FILE = YES;
				MARKETING_VERSION = 1.0;
				PRODUCT_BUNDLE_IDENTIFIER = test.com.EventyUITests;
				PRODUCT_NAME = "$(TARGET_NAME)";
				SWIFT_EMIT_LOC_STRINGS = NO;
				SWIFT_VERSION = 5.0;
				TARGETED_DEVICE_FAMILY = "1,2";
				TEST_TARGET_NAME = Eventy;
			};
			name = Release;
		};
/* End XCBuildConfiguration section */

/* Begin XCConfigurationList section */
		813CBD242B49707200F2EF5F /* Build configuration list for PBXProject "Eventy" */ = {
			isa = XCConfigurationList;
			buildConfigurations = (
				813CBD512B49707500F2EF5F /* Debug */,
				813CBD522B49707500F2EF5F /* Release */,
			);
			defaultConfigurationIsVisible = 0;
			defaultConfigurationName = Release;
		};
		813CBD532B49707500F2EF5F /* Build configuration list for PBXNativeTarget "Eventy" */ = {
			isa = XCConfigurationList;
			buildConfigurations = (
				813CBD542B49707500F2EF5F /* Debug */,
				813CBD552B49707500F2EF5F /* Release */,
			);
			defaultConfigurationIsVisible = 0;
			defaultConfigurationName = Release;
		};
		813CBD562B49707500F2EF5F /* Build configuration list for PBXNativeTarget "EventyTests" */ = {
			isa = XCConfigurationList;
			buildConfigurations = (
				813CBD572B49707500F2EF5F /* Debug */,
				813CBD582B49707500F2EF5F /* Release */,
			);
			defaultConfigurationIsVisible = 0;
			defaultConfigurationName = Release;
		};
		813CBD592B49707500F2EF5F /* Build configuration list for PBXNativeTarget "EventyUITests" */ = {
			isa = XCConfigurationList;
			buildConfigurations = (
				813CBD5A2B49707500F2EF5F /* Debug */,
				813CBD5B2B49707500F2EF5F /* Release */,
			);
			defaultConfigurationIsVisible = 0;
			defaultConfigurationName = Release;
		};
/* End XCConfigurationList section */
	};
	rootObject = 813CBD212B49707200F2EF5F /* Project object */;
}
